<?xml version="1.0" encoding="utf-8"?>
<Project ToolsVersion="4.0" xmlns="http://schemas.microsoft.com/developer/msbuild/2003">
  <ItemGroup>
    <Filter Include="Ship">
      <UniqueIdentifier>{ce9078b8-b6c1-4511-ba00-aa5e3f100f23}</UniqueIdentifier>
    </Filter>
    <Filter Include="GameObject">
      <UniqueIdentifier>{c8c0b8fb-e557-4076-8822-bcbcbc0a9602}</UniqueIdentifier>
    </Filter>
    <Filter Include="AI">
      <UniqueIdentifier>{eb4692f4-c238-4ec1-ad6b-f0463b01380e}</UniqueIdentifier>
    </Filter>
  </ItemGroup>
  <ItemGroup>
    <Text Include="ReadMe.txt" />
  </ItemGroup>
  <ItemGroup>
    <ClInclude Include="AirCraft.h">
      <Filter>Ship</Filter>
    </ClInclude>
    <ClInclude Include="BattleShip.h">
      <Filter>Ship</Filter>
    </ClInclude>
    <ClInclude Include="Cruiser.h">
      <Filter>Ship</Filter>
    </ClInclude>
    <ClInclude Include="Destroyer.h">
      <Filter>Ship</Filter>
    </ClInclude>
    <ClInclude Include="Ship.h">
      <Filter>Ship</Filter>
    </ClInclude>
    <ClInclude Include="Board.h">
      <Filter>GameObject</Filter>
    </ClInclude>
    <ClInclude Include="GameManager.h">
      <Filter>GameObject</Filter>
    </ClInclude>
    <ClInclude Include="Player.h">
      <Filter>GameObject</Filter>
    </ClInclude>
    <ClInclude Include="stdafx.h" />
    <ClInclude Include="targetver.h" />
    <ClInclude Include="Enums.h" />
    <ClInclude Include="Position.h">
      <Filter>GameObject</Filter>
    </ClInclude>
    <ClInclude Include="AI.h">
      <Filter>AI</Filter>
    </ClInclude>
    <ClInclude Include="AIBoard.h" />
  </ItemGroup>
  <ItemGroup>
    <ClCompile Include="AirCraft.cpp">
      <Filter>Ship</Filter>
    </ClCompile>
    <ClCompile Include="BattleShip.cpp">
      <Filter>Ship</Filter>
    </ClCompile>
    <ClCompile Include="Cruiser.cpp">
      <Filter>Ship</Filter>
    </ClCompile>
    <ClCompile Include="Destroyer.cpp">
      <Filter>Ship</Filter>
    </ClCompile>
    <ClCompile Include="Ship.cpp">
      <Filter>Ship</Filter>
    </ClCompile>
    <ClCompile Include="Player.cpp">
      <Filter>GameObject</Filter>
    </ClCompile>
    <ClCompile Include="Board.cpp">
      <Filter>GameObject</Filter>
    </ClCompile>
    <ClCompile Include="GameManager.cpp">
      <Filter>GameObject</Filter>
    </ClCompile>
    <ClCompile Include="stdafx.cpp" />
    <ClCompile Include="Main.cpp" />
    <ClCompile Include="AI.cpp">
      <Filter>AI</Filter>
    </ClCompile>
    <ClCompile Include="AIBoard.cpp" />
  </ItemGroup>
</Project>